{
  "name": "11-event_loop",
  "version": "1.0.0",
  "lockfileVersion": 3,
  "requires": true,
  "packages": {
    "": {
      "name": "11-event_loop",
      "version": "1.0.0",
      "license": "ISC",
      "dependencies": {
        "11-event_loop": "file:"
      }
    },
    "node_modules/11-event_loop": {
      "resolved": "",
      "link": true
    }
  }
}
