{
  "name": "4-http-url",
  "version": "1.0.0",
  "lockfileVersion": 3,
  "requires": true,
  "packages": {
    "": {
      "name": "4-http-url",
      "version": "1.0.0",
      "license": "ISC",
      "dependencies": {
        "4-http-url": "file:"
      }
    },
    "node_modules/4-http-url": {
      "resolved": "",
      "link": true
    }
  }
}
